
Microsoft Visual Studio Solution File, Format Version 12.00
# Visual Studio Version 16
VisualStudioVersion = 16.0.31112.23
MinimumVisualStudioVersion = 10.0.40219.1
Project("{FAE04EC0-301F-11D3-BF4B-00C04F79EFBC}") = "A890222.Actividad01", "A890222.Actividad01.csproj", "{FCFAE715-BF32-4606-97FD-D6D7BE13BA70}"
EndProject
Global
	GlobalSection(SolutionConfigurationPlatforms) = preSolution
		Debug|Any CPU = Debug|Any CPU
		Release|Any CPU = Release|Any CPU
	EndGlobalSection
	GlobalSection(ProjectConfigurationPlatforms) = postSolution
		{FCFAE715-BF32-4606-97FD-D6D7BE13BA70}.Debug|Any CPU.ActiveCfg = Debug|Any CPU
		{FCFAE715-BF32-4606-97FD-D6D7BE13BA70}.Debug|Any CPU.Build.0 = Debug|Any CPU
		{FCFAE715-BF32-4606-97FD-D6D7BE13BA70}.Release|Any CPU.ActiveCfg = Release|Any CPU
		{FCFAE715-BF32-4606-97FD-D6D7BE13BA70}.Release|Any CPU.Build.0 = Release|Any CPU
	EndGlobalSection
	GlobalSection(SolutionProperties) = preSolution
		HideSolutionNode = FALSE
	EndGlobalSection
	GlobalSection(ExtensibilityGlobals) = postSolution
		SolutionGuid = {EFEDD04A-1A2B-48B5-ACEF-9260140DCB91}
	EndGlobalSection
EndGlobal
